<Solution>
  <Folder Name="/samples/">
    <Folder Name="/plugins/">
      <Project Path="samples/plugins/JoinAnnouncer/JoinAnnouncer.csproj" />
      <Project Path="samples/plugins/SpawnWelcome/SpawnWelcome.csproj" />
      <Project Path="samples/plugins/BreakGuard/BreakGuard.csproj" />
      <Project Path="samples/plugins/SchedulerSnapshot/SchedulerSnapshot.csproj" />
    </Folder>
  </Folder>
  <Project Path="Basalt/Basalt.csproj" />
  <Project Path="Binary/Binary.csproj" Id="9d65d42a-1ceb-4be7-b088-32d4b64c0b37" />
  <Project Path="Logger/Logger.csproj" />
  <Project Path="RakNet/RakNet.csproj" Id="0f80e604-c0a6-45b4-9cb6-8737297b006d" />
  <Project Path="Protocol/Protocol.csproj" />
  <Project Path="tests/Basalt.Tests/Basalt.Tests.csproj" />
  <!-- <Project Path="Waterfall/Waterfall.csproj" /> -->
</Solution>
